// !$*UTF8*$!
{
	archiveVersion = 1;
	classes = {
	};
	objectVersion = 46;
	objects = {

/* Begin PBXBuildFile section */
		B3EB3F4714EE8DF600472C0A /* Foundation.framework in Frameworks */ = {isa = PBXBuildFile; fileRef = B3EB3F4614EE8DF600472C0A /* Foundation.framework */; };
		B3EB3F4914EE8DF600472C0A /* UIKit.framework in Frameworks */ = {isa = PBXBuildFile; fileRef = B3EB3F4814EE8DF600472C0A /* UIKit.framework */; };
		B3EB3F4B14EE8DF600472C0A /* CoreGraphics.framework in Frameworks */ = {isa = PBXBuildFile; fileRef = B3EB3F4A14EE8DF600472C0A /* CoreGraphics.framework */; };
		B3EB3F4D14EE8DF600472C0A /* AddressBook.framework in Frameworks */ = {isa = PBXBuildFile; fileRef = B3EB3F4C14EE8DF600472C0A /* AddressBook.framework */; };
		B3EB3F4F14EE8DF600472C0A /* AddressBookUI.framework in Frameworks */ = {isa = PBXBuildFile; fileRef = B3EB3F4E14EE8DF600472C0A /* AddressBookUI.framework */; };
		B3EB3F5114EE8DF600472C0A /* AudioToolbox.framework in Frameworks */ = {isa = PBXBuildFile; fileRef = B3EB3F5014EE8DF600472C0A /* AudioToolbox.framework */; };
		B3EB3F5314EE8DF600472C0A /* AVFoundation.framework in Frameworks */ = {isa = PBXBuildFile; fileRef = B3EB3F5214EE8DF600472C0A /* AVFoundation.framework */; };
		B3EB3F5514EE8DF600472C0A /* CoreLocation.framework in Frameworks */ = {isa = PBXBuildFile; fileRef = B3EB3F5414EE8DF600472C0A /* CoreLocation.framework */; };
		B3EB3F5714EE8DF600472C0A /* MediaPlayer.framework in Frameworks */ = {isa = PBXBuildFile; fileRef = B3EB3F5614EE8DF600472C0A /* MediaPlayer.framework */; };
		B3EB3F5914EE8DF600472C0A /* QuartzCore.framework in Frameworks */ = {isa = PBXBuildFile; fileRef = B3EB3F5814EE8DF600472C0A /* QuartzCore.framework */; };
		B3EB3F5B14EE8DF600472C0A /* SystemConfiguration.framework in Frameworks */ = {isa = PBXBuildFile; fileRef = B3EB3F5A14EE8DF600472C0A /* SystemConfiguration.framework */; };
		B3EB3F5D14EE8DF600472C0A /* MobileCoreServices.framework in Frameworks */ = {isa = PBXBuildFile; fileRef = B3EB3F5C14EE8DF600472C0A /* MobileCoreServices.framework */; };
		B3EB3F5F14EE8DF600472C0A /* CoreMedia.framework in Frameworks */ = {isa = PBXBuildFile; fileRef = B3EB3F5E14EE8DF600472C0A /* CoreMedia.framework */; };
		B3EB3F6514EE8DF600472C0A /* InfoPlist.strings in Resources */ = {isa = PBXBuildFile; fileRef = B3EB3F6314EE8DF600472C0A /* InfoPlist.strings */; };
		B3EB3F6714EE8DF600472C0A /* main.m in Sources */ = {isa = PBXBuildFile; fileRef = B3EB3F6614EE8DF600472C0A /* main.m */; };
		B3EB3F6A14EE8DF600472C0A /* PhoneGap.framework in Frameworks */ = {isa = PBXBuildFile; fileRef = B3EB3F6914EE8DF600472C0A /* PhoneGap.framework */; };
		B3EB3F6F14EE8DF600472C0A /* Localizable.strings in Resources */ = {isa = PBXBuildFile; fileRef = B3EB3F6D14EE8DF600472C0A /* Localizable.strings */; };
		B3EB3F7314EE8DF600472C0A /* Localizable.strings in Resources */ = {isa = PBXBuildFile; fileRef = B3EB3F7114EE8DF600472C0A /* Localizable.strings */; };
		B3EB3F7614EE8DF600472C0A /* icon.png in Resources */ = {isa = PBXBuildFile; fileRef = B3EB3F7514EE8DF600472C0A /* icon.png */; };
		B3EB3F7814EE8DF600472C0A /* icon@2x.png in Resources */ = {isa = PBXBuildFile; fileRef = B3EB3F7714EE8DF600472C0A /* icon@2x.png */; };
		B3EB3F7A14EE8DF600472C0A /* icon-72.png in Resources */ = {isa = PBXBuildFile; fileRef = B3EB3F7914EE8DF600472C0A /* icon-72.png */; };
		B3EB3F7D14EE8DF600472C0A /* Default.png in Resources */ = {isa = PBXBuildFile; fileRef = B3EB3F7C14EE8DF600472C0A /* Default.png */; };
		B3EB3F7F14EE8DF600472C0A /* Default@2x.png in Resources */ = {isa = PBXBuildFile; fileRef = B3EB3F7E14EE8DF600472C0A /* Default@2x.png */; };
		B3EB3F8114EE8DF600472C0A /* Capture.bundle in Resources */ = {isa = PBXBuildFile; fileRef = B3EB3F8014EE8DF600472C0A /* Capture.bundle */; };
		B3EB3F8314EE8DF600472C0A /* PhoneGap.plist in Resources */ = {isa = PBXBuildFile; fileRef = B3EB3F8214EE8DF600472C0A /* PhoneGap.plist */; };
		B3EB3F8714EE8DF600472C0A /* AppDelegate.m in Sources */ = {isa = PBXBuildFile; fileRef = B3EB3F8614EE8DF600472C0A /* AppDelegate.m */; };
		B3EB3F8A14EE8DF600472C0A /* MainViewController.m in Sources */ = {isa = PBXBuildFile; fileRef = B3EB3F8914EE8DF600472C0A /* MainViewController.m */; };
		B3EB3F8C14EE8DF600472C0A /* MainViewController.xib in Resources */ = {isa = PBXBuildFile; fileRef = B3EB3F8B14EE8DF600472C0A /* MainViewController.xib */; };
		B3EB3F9514EE8E0800472C0A /* www in Resources */ = {isa = PBXBuildFile; fileRef = B3EB3F9414EE8E0800472C0A /* www */; };
		B3EB3F9814EE8E1C00472C0A /* PingPlugin.m in Sources */ = {isa = PBXBuildFile; fileRef = B3EB3F9714EE8E1C00472C0A /* PingPlugin.m */; };
/* End PBXBuildFile section */

/* Begin PBXFileReference section */
		B3EB3F4214EE8DF600472C0A /* benchmark.app */ = {isa = PBXFileReference; explicitFileType = wrapper.application; includeInIndex = 0; path = benchmark.app; sourceTree = BUILT_PRODUCTS_DIR; };
		B3EB3F4614EE8DF600472C0A /* Foundation.framework */ = {isa = PBXFileReference; lastKnownFileType = wrapper.framework; name = Foundation.framework; path = System/Library/Frameworks/Foundation.framework; sourceTree = SDKROOT; };
		B3EB3F4814EE8DF600472C0A /* UIKit.framework */ = {isa = PBXFileReference; lastKnownFileType = wrapper.framework; name = UIKit.framework; path = System/Library/Frameworks/UIKit.framework; sourceTree = SDKROOT; };
		B3EB3F4A14EE8DF600472C0A /* CoreGraphics.framework */ = {isa = PBXFileReference; lastKnownFileType = wrapper.framework; name = CoreGraphics.framework; path = System/Library/Frameworks/CoreGraphics.framework; sourceTree = SDKROOT; };
		B3EB3F4C14EE8DF600472C0A /* AddressBook.framework */ = {isa = PBXFileReference; lastKnownFileType = wrapper.framework; name = AddressBook.framework; path = System/Library/Frameworks/AddressBook.framework; sourceTree = SDKROOT; };
		B3EB3F4E14EE8DF600472C0A /* AddressBookUI.framework */ = {isa = PBXFileReference; lastKnownFileType = wrapper.framework; name = AddressBookUI.framework; path = System/Library/Frameworks/AddressBookUI.framework; sourceTree = SDKROOT; };
		B3EB3F5014EE8DF600472C0A /* AudioToolbox.framework */ = {isa = PBXFileReference; lastKnownFileType = wrapper.framework; name = AudioToolbox.framework; path = System/Library/Frameworks/AudioToolbox.framework; sourceTree = SDKROOT; };
		B3EB3F5214EE8DF600472C0A /* AVFoundation.framework */ = {isa = PBXFileReference; lastKnownFileType = wrapper.framework; name = AVFoundation.framework; path = System/Library/Frameworks/AVFoundation.framework; sourceTree = SDKROOT; };
		B3EB3F5414EE8DF600472C0A /* CoreLocation.framework */ = {isa = PBXFileReference; lastKnownFileType = wrapper.framework; name = CoreLocation.framework; path = System/Library/Frameworks/CoreLocation.framework; sourceTree = SDKROOT; };
		B3EB3F5614EE8DF600472C0A /* MediaPlayer.framework */ = {isa = PBXFileReference; lastKnownFileType = wrapper.framework; name = MediaPlayer.framework; path = System/Library/Frameworks/MediaPlayer.framework; sourceTree = SDKROOT; };
		B3EB3F5814EE8DF600472C0A /* QuartzCore.framework */ = {isa = PBXFileReference; lastKnownFileType = wrapper.framework; name = QuartzCore.framework; path = System/Library/Frameworks/QuartzCore.framework; sourceTree = SDKROOT; };
		B3EB3F5A14EE8DF600472C0A /* SystemConfiguration.framework */ = {isa = PBXFileReference; lastKnownFileType = wrapper.framework; name = SystemConfiguration.framework; path = System/Library/Frameworks/SystemConfiguration.framework; sourceTree = SDKROOT; };
		B3EB3F5C14EE8DF600472C0A /* MobileCoreServices.framework */ = {isa = PBXFileReference; lastKnownFileType = wrapper.framework; name = MobileCoreServices.framework; path = System/Library/Frameworks/MobileCoreServices.framework; sourceTree = SDKROOT; };
		B3EB3F5E14EE8DF600472C0A /* CoreMedia.framework */ = {isa = PBXFileReference; lastKnownFileType = wrapper.framework; name = CoreMedia.framework; path = System/Library/Frameworks/CoreMedia.framework; sourceTree = SDKROOT; };
		B3EB3F6214EE8DF600472C0A /* benchmark-Info.plist */ = {isa = PBXFileReference; lastKnownFileType = text.plist.xml; path = "benchmark-Info.plist"; sourceTree = "<group>"; };
		B3EB3F6414EE8DF600472C0A /* en */ = {isa = PBXFileReference; lastKnownFileType = text.plist.strings; name = en; path = en.lproj/InfoPlist.strings; sourceTree = "<group>"; };
		B3EB3F6614EE8DF600472C0A /* main.m */ = {isa = PBXFileReference; lastKnownFileType = sourcecode.c.objc; path = main.m; sourceTree = "<group>"; };
		B3EB3F6814EE8DF600472C0A /* benchmark-Prefix.pch */ = {isa = PBXFileReference; lastKnownFileType = sourcecode.c.h; path = "benchmark-Prefix.pch"; sourceTree = "<group>"; };
		B3EB3F6914EE8DF600472C0A /* PhoneGap.framework */ = {isa = PBXFileReference; lastKnownFileType = wrapper.framework; name = PhoneGap.framework; path = /Users/Shared/PhoneGap/Frameworks/PhoneGap.framework; sourceTree = "<absolute>"; };
		B3EB3F6E14EE8DF600472C0A /* en */ = {isa = PBXFileReference; lastKnownFileType = text.plist.strings; name = en; path = Resources/en.lproj/Localizable.strings; sourceTree = "<group>"; };
		B3EB3F7214EE8DF600472C0A /* es */ = {isa = PBXFileReference; lastKnownFileType = text.plist.strings; name = es; path = Resources/es.lproj/Localizable.strings; sourceTree = "<group>"; };
		B3EB3F7514EE8DF600472C0A /* icon.png */ = {isa = PBXFileReference; lastKnownFileType = image.png; name = icon.png; path = Resources/icons/icon.png; sourceTree = "<group>"; };
		B3EB3F7714EE8DF600472C0A /* icon@2x.png */ = {isa = PBXFileReference; lastKnownFileType = image.png; name = "icon@2x.png"; path = "Resources/icons/icon@2x.png"; sourceTree = "<group>"; };
		B3EB3F7914EE8DF600472C0A /* icon-72.png */ = {isa = PBXFileReference; lastKnownFileType = image.png; name = "icon-72.png"; path = "Resources/icons/icon-72.png"; sourceTree = "<group>"; };
		B3EB3F7C14EE8DF600472C0A /* Default.png */ = {isa = PBXFileReference; lastKnownFileType = image.png; name = Default.png; path = Resources/splash/Default.png; sourceTree = "<group>"; };
		B3EB3F7E14EE8DF600472C0A /* Default@2x.png */ = {isa = PBXFileReference; lastKnownFileType = image.png; name = "Default@2x.png"; path = "Resources/splash/Default@2x.png"; sourceTree = "<group>"; };
		B3EB3F8014EE8DF600472C0A /* Capture.bundle */ = {isa = PBXFileReference; lastKnownFileType = "wrapper.plug-in"; name = Capture.bundle; path = Resources/Capture.bundle; sourceTree = "<group>"; };
		B3EB3F8214EE8DF600472C0A /* PhoneGap.plist */ = {isa = PBXFileReference; lastKnownFileType = text.plist.xml; path = PhoneGap.plist; sourceTree = "<group>"; };
		B3EB3F8514EE8DF600472C0A /* AppDelegate.h */ = {isa = PBXFileReference; lastKnownFileType = sourcecode.c.h; name = AppDelegate.h; path = Classes/AppDelegate.h; sourceTree = "<group>"; };
		B3EB3F8614EE8DF600472C0A /* AppDelegate.m */ = {isa = PBXFileReference; lastKnownFileType = sourcecode.c.objc; name = AppDelegate.m; path = Classes/AppDelegate.m; sourceTree = "<group>"; };
		B3EB3F8814EE8DF600472C0A /* MainViewController.h */ = {isa = PBXFileReference; lastKnownFileType = sourcecode.c.h; name = MainViewController.h; path = Classes/MainViewController.h; sourceTree = "<group>"; };
		B3EB3F8914EE8DF600472C0A /* MainViewController.m */ = {isa = PBXFileReference; lastKnownFileType = sourcecode.c.objc; name = MainViewController.m; path = Classes/MainViewController.m; sourceTree = "<group>"; };
		B3EB3F8B14EE8DF600472C0A /* MainViewController.xib */ = {isa = PBXFileReference; lastKnownFileType = file.xib; name = MainViewController.xib; path = Classes/MainViewController.xib; sourceTree = "<group>"; };
		B3EB3F8E14EE8DF600472C0A /* README */ = {isa = PBXFileReference; lastKnownFileType = text; name = README; path = Plugins/README; sourceTree = "<group>"; };
		B3EB3F9414EE8E0800472C0A /* www */ = {isa = PBXFileReference; lastKnownFileType = folder; path = www; sourceTree = "<group>"; };
		B3EB3F9614EE8E1C00472C0A /* PingPlugin.h */ = {isa = PBXFileReference; fileEncoding = 4; lastKnownFileType = sourcecode.c.h; path = PingPlugin.h; sourceTree = "<group>"; };
		B3EB3F9714EE8E1C00472C0A /* PingPlugin.m */ = {isa = PBXFileReference; fileEncoding = 4; lastKnownFileType = sourcecode.c.objc; path = PingPlugin.m; sourceTree = "<group>"; };
/* End PBXFileReference section */

/* Begin PBXFrameworksBuildPhase section */
		B3EB3F3C14EE8DF600472C0A /* Frameworks */ = {
			isa = PBXFrameworksBuildPhase;
			buildActionMask = 2147483647;
			files = (
				B3EB3F4714EE8DF600472C0A /* Foundation.framework in Frameworks */,
				B3EB3F4914EE8DF600472C0A /* UIKit.framework in Frameworks */,
				B3EB3F4B14EE8DF600472C0A /* CoreGraphics.framework in Frameworks */,
				B3EB3F4D14EE8DF600472C0A /* AddressBook.framework in Frameworks */,
				B3EB3F4F14EE8DF600472C0A /* AddressBookUI.framework in Frameworks */,
				B3EB3F5114EE8DF600472C0A /* AudioToolbox.framework in Frameworks */,
				B3EB3F5314EE8DF600472C0A /* AVFoundation.framework in Frameworks */,
				B3EB3F5514EE8DF600472C0A /* CoreLocation.framework in Frameworks */,
				B3EB3F5714EE8DF600472C0A /* MediaPlayer.framework in Frameworks */,
				B3EB3F5914EE8DF600472C0A /* QuartzCore.framework in Frameworks */,
				B3EB3F5B14EE8DF600472C0A /* SystemConfiguration.framework in Frameworks */,
				B3EB3F5D14EE8DF600472C0A /* MobileCoreServices.framework in Frameworks */,
				B3EB3F5F14EE8DF600472C0A /* CoreMedia.framework in Frameworks */,
				B3EB3F6A14EE8DF600472C0A /* PhoneGap.framework in Frameworks */,
			);
			runOnlyForDeploymentPostprocessing = 0;
		};
		B3EB3F3F14EE8DF600472C0A /* Frameworks */ = {
			isa = PBXFrameworksBuildPhase;
			buildActionMask = 2147483647;
			files = (
			);
			runOnlyForDeploymentPostprocessing = 0;
		};
/* End PBXFrameworksBuildPhase section */

/* Begin PBXGroup section */
		B3EB3F3414EE8DF600472C0A = {
			isa = PBXGroup;
			children = (
				B3EB3F9414EE8E0800472C0A /* www */,
				B3EB3F6014EE8DF600472C0A /* benchmark */,
				B3EB3F4514EE8DF600472C0A /* Frameworks */,
				B3EB3F4314EE8DF600472C0A /* Products */,
			);
			sourceTree = "<group>";
		};
		B3EB3F4314EE8DF600472C0A /* Products */ = {
			isa = PBXGroup;
			children = (
				B3EB3F4214EE8DF600472C0A /* benchmark.app */,
			);
			name = Products;
			sourceTree = "<group>";
		};
		B3EB3F4514EE8DF600472C0A /* Frameworks */ = {
			isa = PBXGroup;
			children = (
				B3EB3F4614EE8DF600472C0A /* Foundation.framework */,
				B3EB3F4814EE8DF600472C0A /* UIKit.framework */,
				B3EB3F4A14EE8DF600472C0A /* CoreGraphics.framework */,
				B3EB3F4C14EE8DF600472C0A /* AddressBook.framework */,
				B3EB3F4E14EE8DF600472C0A /* AddressBookUI.framework */,
				B3EB3F5014EE8DF600472C0A /* AudioToolbox.framework */,
				B3EB3F5214EE8DF600472C0A /* AVFoundation.framework */,
				B3EB3F5414EE8DF600472C0A /* CoreLocation.framework */,
				B3EB3F5614EE8DF600472C0A /* MediaPlayer.framework */,
				B3EB3F5814EE8DF600472C0A /* QuartzCore.framework */,
				B3EB3F5A14EE8DF600472C0A /* SystemConfiguration.framework */,
				B3EB3F5C14EE8DF600472C0A /* MobileCoreServices.framework */,
				B3EB3F5E14EE8DF600472C0A /* CoreMedia.framework */,
			);
			name = Frameworks;
			sourceTree = "<group>";
		};
		B3EB3F6014EE8DF600472C0A /* benchmark */ = {
			isa = PBXGroup;
			children = (
				B3EB3F9614EE8E1C00472C0A /* PingPlugin.h */,
				B3EB3F9714EE8E1C00472C0A /* PingPlugin.m */,
				B3EB3F6914EE8DF600472C0A /* PhoneGap.framework */,
				B3EB3F6B14EE8DF600472C0A /* Resources */,
				B3EB3F8414EE8DF600472C0A /* Classes */,
				B3EB3F8D14EE8DF600472C0A /* Plugins */,
				B3EB3F6114EE8DF600472C0A /* Supporting Files */,
			);
			path = benchmark;
			sourceTree = "<group>";
		};
		B3EB3F6114EE8DF600472C0A /* Supporting Files */ = {
			isa = PBXGroup;
			children = (
				B3EB3F6214EE8DF600472C0A /* benchmark-Info.plist */,
				B3EB3F6314EE8DF600472C0A /* InfoPlist.strings */,
				B3EB3F6614EE8DF600472C0A /* main.m */,
				B3EB3F6814EE8DF600472C0A /* benchmark-Prefix.pch */,
				B3EB3F8214EE8DF600472C0A /* PhoneGap.plist */,
				B3EB3F8B14EE8DF600472C0A /* MainViewController.xib */,
			);
			name = "Supporting Files";
			sourceTree = "<group>";
		};
		B3EB3F6B14EE8DF600472C0A /* Resources */ = {
			isa = PBXGroup;
			children = (
				B3EB3F8014EE8DF600472C0A /* Capture.bundle */,
				B3EB3F6C14EE8DF600472C0A /* en.lproj */,
				B3EB3F7014EE8DF600472C0A /* es.lproj */,
				B3EB3F7414EE8DF600472C0A /* icons */,
				B3EB3F7B14EE8DF600472C0A /* splash */,
			);
			name = Resources;
			sourceTree = "<group>";
		};
		B3EB3F6C14EE8DF600472C0A /* en.lproj */ = {
			isa = PBXGroup;
			children = (
				B3EB3F6D14EE8DF600472C0A /* Localizable.strings */,
			);
			name = en.lproj;
			sourceTree = "<group>";
		};
		B3EB3F7014EE8DF600472C0A /* es.lproj */ = {
			isa = PBXGroup;
			children = (
				B3EB3F7114EE8DF600472C0A /* Localizable.strings */,
			);
			name = es.lproj;
			sourceTree = "<group>";
		};
		B3EB3F7414EE8DF600472C0A /* icons */ = {
			isa = PBXGroup;
			children = (
				B3EB3F7514EE8DF600472C0A /* icon.png */,
				B3EB3F7714EE8DF600472C0A /* icon@2x.png */,
				B3EB3F7914EE8DF600472C0A /* icon-72.png */,
			);
			name = icons;
			sourceTree = "<group>";
		};
		B3EB3F7B14EE8DF600472C0A /* splash */ = {
			isa = PBXGroup;
			children = (
				B3EB3F7C14EE8DF600472C0A /* Default.png */,
				B3EB3F7E14EE8DF600472C0A /* Default@2x.png */,
			);
			name = splash;
			sourceTree = "<group>";
		};
		B3EB3F8414EE8DF600472C0A /* Classes */ = {
			isa = PBXGroup;
			children = (
				B3EB3F8514EE8DF600472C0A /* AppDelegate.h */,
				B3EB3F8614EE8DF600472C0A /* AppDelegate.m */,
				B3EB3F8814EE8DF600472C0A /* MainViewController.h */,
				B3EB3F8914EE8DF600472C0A /* MainViewController.m */,
			);
			name = Classes;
			sourceTree = "<group>";
		};
		B3EB3F8D14EE8DF600472C0A /* Plugins */ = {
			isa = PBXGroup;
			children = (
				B3EB3F8E14EE8DF600472C0A /* README */,
			);
			name = Plugins;
			sourceTree = "<group>";
		};
/* End PBXGroup section */

/* Begin PBXNativeTarget section */
		B3EB3F4114EE8DF600472C0A /* benchmark */ = {
			isa = PBXNativeTarget;
			buildConfigurationList = B3EB3F9114EE8DF600472C0A /* Build configuration list for PBXNativeTarget "benchmark" */;
			buildPhases = (
				B3EB3F3B14EE8DF600472C0A /* Sources */,
				B3EB3F3C14EE8DF600472C0A /* Frameworks */,
				B3EB3F3D14EE8DF600472C0A /* Resources */,
				B3EB3F3E14EE8DF600472C0A /* Sources */,
				B3EB3F3F14EE8DF600472C0A /* Frameworks */,
				B3EB3F4014EE8DF600472C0A /* ShellScript */,
			);
			buildRules = (
			);
			dependencies = (
			);
			name = benchmark;
			productName = benchmark;
			productReference = B3EB3F4214EE8DF600472C0A /* benchmark.app */;
			productType = "com.apple.product-type.application";
		};
/* End PBXNativeTarget section */

/* Begin PBXProject section */
		B3EB3F3614EE8DF600472C0A /* Project object */ = {
			isa = PBXProject;
			attributes = {
				LastUpgradeCheck = 0420;
			};
			buildConfigurationList = B3EB3F3914EE8DF600472C0A /* Build configuration list for PBXProject "benchmark" */;
			compatibilityVersion = "Xcode 3.2";
			developmentRegion = English;
			hasScannedForEncodings = 0;
			knownRegions = (
				en,
				es,
			);
			mainGroup = B3EB3F3414EE8DF600472C0A;
			productRefGroup = B3EB3F4314EE8DF600472C0A /* Products */;
			projectDirPath = "";
			projectRoot = "";
			targets = (
				B3EB3F4114EE8DF600472C0A /* benchmark */,
			);
		};
/* End PBXProject section */

/* Begin PBXResourcesBuildPhase section */
		B3EB3F3D14EE8DF600472C0A /* Resources */ = {
			isa = PBXResourcesBuildPhase;
			buildActionMask = 2147483647;
			files = (
				B3EB3F6514EE8DF600472C0A /* InfoPlist.strings in Resources */,
				B3EB3F6F14EE8DF600472C0A /* Localizable.strings in Resources */,
				B3EB3F7314EE8DF600472C0A /* Localizable.strings in Resources */,
				B3EB3F7614EE8DF600472C0A /* icon.png in Resources */,
				B3EB3F7814EE8DF600472C0A /* icon@2x.png in Resources */,
				B3EB3F7A14EE8DF600472C0A /* icon-72.png in Resources */,
				B3EB3F7D14EE8DF600472C0A /* Default.png in Resources */,
				B3EB3F7F14EE8DF600472C0A /* Default@2x.png in Resources */,
				B3EB3F8114EE8DF600472C0A /* Capture.bundle in Resources */,
				B3EB3F8314EE8DF600472C0A /* PhoneGap.plist in Resources */,
				B3EB3F8C14EE8DF600472C0A /* MainViewController.xib in Resources */,
				B3EB3F9514EE8E0800472C0A /* www in Resources */,
			);
			runOnlyForDeploymentPostprocessing = 0;
		};
/* End PBXResourcesBuildPhase section */

/* Begin PBXShellScriptBuildPhase section */
		B3EB3F4014EE8DF600472C0A /* ShellScript */ = {
			isa = PBXShellScriptBuildPhase;
			buildActionMask = 2147483647;
			files = (
			);
			inputPaths = (
			);
			outputPaths = (
			);
			runOnlyForDeploymentPostprocessing = 0;
			shellPath = /bin/bash;
			shellScript = "\n\t\t\t\t\t\t\t\tif [ ! -d \"$PROJECT_DIR/www\" ] ; then\n\t\t\t\t\t\t\t\t\tcp -R /Users/Shared/PhoneGap/Frameworks/PhoneGap.framework/www \"$PROJECT_DIR\"\n\t\t\t\t\t\t\t\tfi\n\t\t\t\t\t\t\t\t# detect www folder reference in project, if missing, print warning\n\t\t\t\t\t\t\t\tgrep \"{isa = PBXFileReference; lastKnownFileType = folder; path = www; sourceTree = \\\"<group>\\\"; };\" \"$PROJECT_DIR/$PROJECT_NAME.xcodeproj/project.pbxproj\"\n\t\t\t\t\t\t\t\trc=$? \n\t\t\t\t\t\t\t\tif [ $rc != 0 ] ; then\n\t\t\t\t\t\t\t\techo -e \"warning: Missing - Add $PROJECT_DIR/www as a folder reference in your project. Just drag and drop the folder into your project, into the Project Navigator of Xcode 4. Make sure you select the second radio-button: 'Create folder references for any added folders' (which will create a blue folder)\" 1>&2\n\t\t\t\t\t\t\t\tfi\t\t\t\t\t\t\t";
		};
/* End PBXShellScriptBuildPhase section */

/* Begin PBXSourcesBuildPhase section */
		B3EB3F3B14EE8DF600472C0A /* Sources */ = {
			isa = PBXSourcesBuildPhase;
			buildActionMask = 2147483647;
			files = (
				B3EB3F6714EE8DF600472C0A /* main.m in Sources */,
				B3EB3F8714EE8DF600472C0A /* AppDelegate.m in Sources */,
				B3EB3F8A14EE8DF600472C0A /* MainViewController.m in Sources */,
				B3EB3F9814EE8E1C00472C0A /* PingPlugin.m in Sources */,
			);
			runOnlyForDeploymentPostprocessing = 0;
		};
		B3EB3F3E14EE8DF600472C0A /* Sources */ = {
			isa = PBXSourcesBuildPhase;
			buildActionMask = 2147483647;
			files = (
			);
			runOnlyForDeploymentPostprocessing = 0;
		};
/* End PBXSourcesBuildPhase section */

/* Begin PBXVariantGroup section */
		B3EB3F6314EE8DF600472C0A /* InfoPlist.strings */ = {
			isa = PBXVariantGroup;
			children = (
				B3EB3F6414EE8DF600472C0A /* en */,
			);
			name = InfoPlist.strings;
			sourceTree = "<group>";
		};
		B3EB3F6D14EE8DF600472C0A /* Localizable.strings */ = {
			isa = PBXVariantGroup;
			children = (
				B3EB3F6E14EE8DF600472C0A /* en */,
			);
			name = Localizable.strings;
			sourceTree = "<group>";
		};
		B3EB3F7114EE8DF600472C0A /* Localizable.strings */ = {
			isa = PBXVariantGroup;
			children = (
				B3EB3F7214EE8DF600472C0A /* es */,
			);
			name = Localizable.strings;
			sourceTree = "<group>";
		};
/* End PBXVariantGroup section */

/* Begin XCBuildConfiguration section */
		B3EB3F8F14EE8DF600472C0A /* Debug */ = {
			isa = XCBuildConfiguration;
			buildSettings = {
				ALWAYS_SEARCH_USER_PATHS = NO;
				ARCHS = "$(ARCHS_STANDARD_32_BIT)";
				"CODE_SIGN_IDENTITY[sdk=iphoneos*]" = "iPhone Developer";
				COPY_PHASE_STRIP = NO;
				GCC_C_LANGUAGE_STANDARD = gnu99;
				GCC_DYNAMIC_NO_PIC = NO;
				GCC_OPTIMIZATION_LEVEL = 0;
				GCC_PREPROCESSOR_DEFINITIONS = (
					"DEBUG=1",
					"$(inherited)",
				);
				GCC_SYMBOLS_PRIVATE_EXTERN = NO;
				GCC_VERSION = com.apple.compilers.llvmgcc42;
				GCC_WARN_ABOUT_MISSING_PROTOTYPES = YES;
				GCC_WARN_ABOUT_RETURN_TYPE = YES;
				GCC_WARN_UNUSED_VARIABLE = YES;
				IPHONEOS_DEPLOYMENT_TARGET = 3.0;
				SDKROOT = iphoneos;
			};
			name = Debug;
		};
		B3EB3F9014EE8DF600472C0A /* Release */ = {
			isa = XCBuildConfiguration;
			buildSettings = {
				ALWAYS_SEARCH_USER_PATHS = NO;
				ARCHS = "$(ARCHS_STANDARD_32_BIT)";
				"CODE_SIGN_IDENTITY[sdk=iphoneos*]" = "iPhone Developer";
				COPY_PHASE_STRIP = YES;
				GCC_C_LANGUAGE_STANDARD = gnu99;
				GCC_VERSION = com.apple.compilers.llvmgcc42;
				GCC_WARN_ABOUT_MISSING_PROTOTYPES = YES;
				GCC_WARN_ABOUT_RETURN_TYPE = YES;
				GCC_WARN_UNUSED_VARIABLE = YES;
				IPHONEOS_DEPLOYMENT_TARGET = 3.0;
				SDKROOT = iphoneos;
				VALIDATE_PRODUCT = YES;
			};
			name = Release;
		};
		B3EB3F9214EE8DF600472C0A /* Debug */ = {
			isa = XCBuildConfiguration;
			buildSettings = {
				ALWAYS_SEARCH_USER_PATHS = YES;
				COPY_PHASE_STRIP = NO;
				FRAMEWORK_SEARCH_PATHS = /Users/Shared/PhoneGap/Frameworks;
				GCC_DYNAMIC_NO_PIC = NO;
				GCC_PRECOMPILE_PREFIX_HEADER = YES;
				GCC_PREFIX_HEADER = "benchmark/benchmark-Prefix.pch";
				GCC_PREPROCESSOR_DEFINITIONS = "PHONEGAP_FRAMEWORK=YES";
				INFOPLIST_FILE = "benchmark/benchmark-Info.plist";
				OTHER_LDFLAGS = (
					"-weak_framework",
					UIKit,
					"-weak_framework",
					AVFoundation,
					"-weak_framework",
					CoreMedia,
					"-weak_library",
					/usr/lib/libSystem.B.dylib,
				);
				PRODUCT_NAME = "$(TARGET_NAME)";
				TARGETED_DEVICE_FAMILY = "1,2";
				WRAPPER_EXTENSION = app;
			};
			name = Debug;
		};
		B3EB3F9314EE8DF600472C0A /* Release */ = {
			isa = XCBuildConfiguration;
			buildSettings = {
				ALWAYS_SEARCH_USER_PATHS = YES;
				COPY_PHASE_STRIP = YES;
				DEBUG_INFORMATION_FORMAT = "dwarf-with-dsym";
				FRAMEWORK_SEARCH_PATHS = /Users/Shared/PhoneGap/Frameworks;
				GCC_PRECOMPILE_PREFIX_HEADER = YES;
				GCC_PREFIX_HEADER = "benchmark/benchmark-Prefix.pch";
				GCC_PREPROCESSOR_DEFINITIONS = "PHONEGAP_FRAMEWORK=YES";
				INFOPLIST_FILE = "benchmark/benchmark-Info.plist";
				OTHER_LDFLAGS = (
					"-weak_framework",
					UIKit,
					"-weak_framework",
					AVFoundation,
					"-weak_framework",
					CoreMedia,
					"-weak_library",
					/usr/lib/libSystem.B.dylib,
				);
				PRODUCT_NAME = "$(TARGET_NAME)";
				TARGETED_DEVICE_FAMILY = "1,2";
				VALIDATE_PRODUCT = YES;
				WRAPPER_EXTENSION = app;
			};
			name = Release;
		};
/* End XCBuildConfiguration section */

/* Begin XCConfigurationList section */
		B3EB3F3914EE8DF600472C0A /* Build configuration list for PBXProject "benchmark" */ = {
			isa = XCConfigurationList;
			buildConfigurations = (
				B3EB3F8F14EE8DF600472C0A /* Debug */,
				B3EB3F9014EE8DF600472C0A /* Release */,
			);
			defaultConfigurationIsVisible = 0;
			defaultConfigurationName = Release;
		};
		B3EB3F9114EE8DF600472C0A /* Build configuration list for PBXNativeTarget "benchmark" */ = {
			isa = XCConfigurationList;
			buildConfigurations = (
				B3EB3F9214EE8DF600472C0A /* Debug */,
				B3EB3F9314EE8DF600472C0A /* Release */,
			);
			defaultConfigurationIsVisible = 0;
		};
/* End XCConfigurationList section */
	};
	rootObject = B3EB3F3614EE8DF600472C0A /* Project object */;
}
